Microsoft Visual Studio Solution File, Format Version 12.00
# Visual Studio Version 17
VisualStudioVersion = 17.0.31903.59
MinimumVisualStudioVersion = 10.0.40219.1
Project("{FAE04EC0-301F-11D3-BF4B-00C04F79EFBC}") = "LibraryAPI", "LibraryAPI\LibraryAPI.csproj", "{8D00373B-AE20-4376-AF3F-1574A7218AC4}"
EndProject
Project("{FAE04EC0-301F-11D3-BF4B-00C04F79EFBC}") = "LibraryAPI.Tests", "LibraryAPI.Tests\LibraryAPI.Tests.csproj", "{B122B308-B09E-4FC0-82C0-DB57519AA561}"
EndProject
Project("{FAE04EC0-301F-11D3-BF4B-00C04F79EFBC}") = "LibraryFrontend", "LibraryFrontend\LibraryFrontend.csproj", "{30C5ECC8-B4D0-4056-982A-524AD47429B8}"
EndProject
Global
	GlobalSection(SolutionConfigurationPlatforms) = preSolution
		Debug|Any CPU = Debug|Any CPU
		Debug|x64 = Debug|x64
		Debug|x86 = Debug|x86
		Release|Any CPU = Release|Any CPU
		Release|x64 = Release|x64
		Release|x86 = Release|x86
	EndGlobalSection
	GlobalSection(ProjectConfigurationPlatforms) = postSolution
		{8D00373B-AE20-4376-AF3F-1574A7218AC4}.Debug|Any CPU.ActiveCfg = Debug|Any CPU
		{8D00373B-AE20-4376-AF3F-1574A7218AC4}.Debug|Any CPU.Build.0 = Debug|Any CPU
		{8D00373B-AE20-4376-AF3F-1574A7218AC4}.Debug|x64.ActiveCfg = Debug|Any CPU
		{8D00373B-AE20-4376-AF3F-1574A7218AC4}.Debug|x64.Build.0 = Debug|Any CPU
		{8D00373B-AE20-4376-AF3F-1574A7218AC4}.Debug|x86.ActiveCfg = Debug|Any CPU
		{8D00373B-AE20-4376-AF3F-1574A7218AC4}.Debug|x86.Build.0 = Debug|Any CPU
		{8D00373B-AE20-4376-AF3F-1574A7218AC4}.Release|Any CPU.ActiveCfg = Release|Any CPU
		{8D00373B-AE20-4376-AF3F-1574A7218AC4}.Release|Any CPU.Build.0 = Release|Any CPU
		{8D00373B-AE20-4376-AF3F-1574A7218AC4}.Release|x64.ActiveCfg = Release|Any CPU
		{8D00373B-AE20-4376-AF3F-1574A7218AC4}.Release|x64.Build.0 = Release|Any CPU
		{8D00373B-AE20-4376-AF3F-1574A7218AC4}.Release|x86.ActiveCfg = Release|Any CPU
		{8D00373B-AE20-4376-AF3F-1574A7218AC4}.Release|x86.Build.0 = Release|Any CPU
		{B122B308-B09E-4FC0-82C0-DB57519AA561}.Debug|Any CPU.ActiveCfg = Debug|Any CPU
		{B122B308-B09E-4FC0-82C0-DB57519AA561}.Debug|Any CPU.Build.0 = Debug|Any CPU
		{B122B308-B09E-4FC0-82C0-DB57519AA561}.Debug|x64.ActiveCfg = Debug|Any CPU
		{B122B308-B09E-4FC0-82C0-DB57519AA561}.Debug|x64.Build.0 = Debug|Any CPU
		{B122B308-B09E-4FC0-82C0-DB57519AA561}.Debug|x86.ActiveCfg = Debug|Any CPU
		{B122B308-B09E-4FC0-82C0-DB57519AA561}.Debug|x86.Build.0 = Debug|Any CPU
		{B122B308-B09E-4FC0-82C0-DB57519AA561}.Release|Any CPU.ActiveCfg = Release|Any CPU
		{B122B308-B09E-4FC0-82C0-DB57519AA561}.Release|Any CPU.Build.0 = Release|Any CPU
		{B122B308-B09E-4FC0-82C0-DB57519AA561}.Release|x64.ActiveCfg = Release|Any CPU
		{B122B308-B09E-4FC0-82C0-DB57519AA561}.Release|x64.Build.0 = Release|Any CPU
		{B122B308-B09E-4FC0-82C0-DB57519AA561}.Release|x86.ActiveCfg = Release|Any CPU
		{B122B308-B09E-4FC0-82C0-DB57519AA561}.Release|x86.Build.0 = Release|Any CPU
		{30C5ECC8-B4D0-4056-982A-524AD47429B8}.Debug|Any CPU.ActiveCfg = Debug|Any CPU
		{30C5ECC8-B4D0-4056-982A-524AD47429B8}.Debug|Any CPU.Build.0 = Debug|Any CPU
		{30C5ECC8-B4D0-4056-982A-524AD47429B8}.Debug|x64.ActiveCfg = Debug|Any CPU
		{30C5ECC8-B4D0-4056-982A-524AD47429B8}.Debug|x64.Build.0 = Debug|Any CPU
		{30C5ECC8-B4D0-4056-982A-524AD47429B8}.Debug|x86.ActiveCfg = Debug|Any CPU
		{30C5ECC8-B4D0-4056-982A-524AD47429B8}.Debug|x86.Build.0 = Debug|Any CPU
		{30C5ECC8-B4D0-4056-982A-524AD47429B8}.Release|Any CPU.ActiveCfg = Release|Any CPU
		{30C5ECC8-B4D0-4056-982A-524AD47429B8}.Release|Any CPU.Build.0 = Release|Any CPU
		{30C5ECC8-B4D0-4056-982A-524AD47429B8}.Release|x64.ActiveCfg = Release|Any CPU
		{30C5ECC8-B4D0-4056-982A-524AD47429B8}.Release|x64.Build.0 = Release|Any CPU
		{30C5ECC8-B4D0-4056-982A-524AD47429B8}.Release|x86.ActiveCfg = Release|Any CPU
		{30C5ECC8-B4D0-4056-982A-524AD47429B8}.Release|x86.Build.0 = Release|Any CPU
	EndGlobalSection
	GlobalSection(SolutionProperties) = preSolution
		HideSolutionNode = FALSE
	EndGlobalSection
	GlobalSection(ExtensibilityGlobals) = postSolution
		SolutionGuid = {NEW-GUID}
	EndGlobalSection
EndGlobal
